github.com/osm/quake v1.3.1 h1:MwHrBzavW6s+Gwy3+CUKqsmshFnIJWTTFAtT6I41tzc=
github.com/osm/quake v1.3.1/go.mod h1:NuorXUkhTGIlqfv7wTqTA+6HRLp+A8O69vbsfhSYcAo=
github.com/osm/quake v1.6.0 h1:yDB72ZTS8pmSE/h8bJQQuQ1MLC0lv6aXeS9lCzFn7ig=
github.com/osm/quake v1.6.0/go.mod h1:NuorXUkhTGIlqfv7wTqTA+6HRLp+A8O69vbsfhSYcAo=
